
Microsoft Visual Studio Solution File, Format Version 12.00
# Visual Studio Version 16
VisualStudioVersion = 16.0.31613.86
MinimumVisualStudioVersion = 10.0.40219.1
Project("{FAE04EC0-301F-11D3-BF4B-00C04F79EFBC}") = "file_operationschpt12", "file_operationschpt12\file_operationschpt12.csproj", "{BDE7E2D5-F636-486B-A5E1-95DAE5CA7BBF}"
EndProject
Global
	GlobalSection(SolutionConfigurationPlatforms) = preSolution
		Debug|Any CPU = Debug|Any CPU
		Release|Any CPU = Release|Any CPU
	EndGlobalSection
	GlobalSection(ProjectConfigurationPlatforms) = postSolution
		{BDE7E2D5-F636-486B-A5E1-95DAE5CA7BBF}.Debug|Any CPU.ActiveCfg = Debug|Any CPU
		{BDE7E2D5-F636-486B-A5E1-95DAE5CA7BBF}.Debug|Any CPU.Build.0 = Debug|Any CPU
		{BDE7E2D5-F636-486B-A5E1-95DAE5CA7BBF}.Release|Any CPU.ActiveCfg = Release|Any CPU
		{BDE7E2D5-F636-486B-A5E1-95DAE5CA7BBF}.Release|Any CPU.Build.0 = Release|Any CPU
	EndGlobalSection
	GlobalSection(SolutionProperties) = preSolution
		HideSolutionNode = FALSE
	EndGlobalSection
	GlobalSection(ExtensibilityGlobals) = postSolution
		SolutionGuid = {95B3E7AB-C765-47D5-B4E2-FCE6D8F0DAE4}
	EndGlobalSection
EndGlobal
